// !$*UTF8*$!
{
	archiveVersion = 1;
	classes = {
	};
	objectVersion = 56;
	objects = {

/* Begin PBXBuildFile section */
		EB6682362BAEF83E00E0934B /* newblogappApp.swift in Sources */ = {isa = PBXBuildFile; fileRef = EB6682352BAEF83E00E0934B /* newblogappApp.swift */; };
		EB6682382BAEF83E00E0934B /* ContentView.swift in Sources */ = {isa = PBXBuildFile; fileRef = EB6682372BAEF83E00E0934B /* ContentView.swift */; };
		EB66823A2BAEF83F00E0934B /* Assets.xcassets in Resources */ = {isa = PBXBuildFile; fileRef = EB6682392BAEF83F00E0934B /* Assets.xcassets */; };
		EB66823D2BAEF83F00E0934B /* Preview Assets.xcassets in Resources */ = {isa = PBXBuildFile; fileRef = EB66823C2BAEF83F00E0934B /* Preview Assets.xcassets */; };
		EB6682472BAEF84000E0934B /* newblogappTests.swift in Sources */ = {isa = PBXBuildFile; fileRef = EB6682462BAEF84000E0934B /* newblogappTests.swift */; };
		EB6682512BAEF84000E0934B /* newblogappUITests.swift in Sources */ = {isa = PBXBuildFile; fileRef = EB6682502BAEF84000E0934B /* newblogappUITests.swift */; };
		EB6682532BAEF84000E0934B /* newblogappUITestsLaunchTests.swift in Sources */ = {isa = PBXBuildFile; fileRef = EB6682522BAEF84000E0934B /* newblogappUITestsLaunchTests.swift */; };
/* End PBXBuildFile section */

/* Begin PBXContainerItemProxy section */
		EB6682432BAEF84000E0934B /* PBXContainerItemProxy */ = {
			isa = PBXContainerItemProxy;
			containerPortal = EB66822A2BAEF83E00E0934B /* Project object */;
			proxyType = 1;
			remoteGlobalIDString = EB6682312BAEF83E00E0934B;
			remoteInfo = newblogapp;
		};
		EB66824D2BAEF84000E0934B /* PBXContainerItemProxy */ = {
			isa = PBXContainerItemProxy;
			containerPortal = EB66822A2BAEF83E00E0934B /* Project object */;
			proxyType = 1;
			remoteGlobalIDString = EB6682312BAEF83E00E0934B;
			remoteInfo = newblogapp;
		};
/* End PBXContainerItemProxy section */

/* Begin PBXFileReference section */
		EB6682322BAEF83E00E0934B /* newblogapp.app */ = {isa = PBXFileReference; explicitFileType = wrapper.application; includeInIndex = 0; path = newblogapp.app; sourceTree = BUILT_PRODUCTS_DIR; };
		EB6682352BAEF83E00E0934B /* newblogappApp.swift */ = {isa = PBXFileReference; lastKnownFileType = sourcecode.swift; path = newblogappApp.swift; sourceTree = "<group>"; };
		EB6682372BAEF83E00E0934B /* ContentView.swift */ = {isa = PBXFileReference; lastKnownFileType = sourcecode.swift; path = ContentView.swift; sourceTree = "<group>"; };
		EB6682392BAEF83F00E0934B /* Assets.xcassets */ = {isa = PBXFileReference; lastKnownFileType = folder.assetcatalog; path = Assets.xcassets; sourceTree = "<group>"; };
		EB66823C2BAEF83F00E0934B /* Preview Assets.xcassets */ = {isa = PBXFileReference; lastKnownFileType = folder.assetcatalog; path = "Preview Assets.xcassets"; sourceTree = "<group>"; };
		EB6682422BAEF84000E0934B /* newblogappTests.xctest */ = {isa = PBXFileReference; explicitFileType = wrapper.cfbundle; includeInIndex = 0; path = newblogappTests.xctest; sourceTree = BUILT_PRODUCTS_DIR; };
		EB6682462BAEF84000E0934B /* newblogappTests.swift */ = {isa = PBXFileReference; lastKnownFileType = sourcecode.swift; path = newblogappTests.swift; sourceTree = "<group>"; };
		EB66824C2BAEF84000E0934B /* newblogappUITests.xctest */ = {isa = PBXFileReference; explicitFileType = wrapper.cfbundle; includeInIndex = 0; path = newblogappUITests.xctest; sourceTree = BUILT_PRODUCTS_DIR; };
		EB6682502BAEF84000E0934B /* newblogappUITests.swift */ = {isa = PBXFileReference; lastKnownFileType = sourcecode.swift; path = newblogappUITests.swift; sourceTree = "<group>"; };
		EB6682522BAEF84000E0934B /* newblogappUITestsLaunchTests.swift */ = {isa = PBXFileReference; lastKnownFileType = sourcecode.swift; path = newblogappUITestsLaunchTests.swift; sourceTree = "<group>"; };
/* End PBXFileReference section */

/* Begin PBXFrameworksBuildPhase section */
		EB66822F2BAEF83E00E0934B /* Frameworks */ = {
			isa = PBXFrameworksBuildPhase;
			buildActionMask = 2147483647;
			files = (
			);
			runOnlyForDeploymentPostprocessing = 0;
		};
		EB66823F2BAEF84000E0934B /* Frameworks */ = {
			isa = PBXFrameworksBuildPhase;
			buildActionMask = 2147483647;
			files = (
			);
			runOnlyForDeploymentPostprocessing = 0;
		};
		EB6682492BAEF84000E0934B /* Frameworks */ = {
			isa = PBXFrameworksBuildPhase;
			buildActionMask = 2147483647;
			files = (
			);
			runOnlyForDeploymentPostprocessing = 0;
		};
/* End PBXFrameworksBuildPhase section */

/* Begin PBXGroup section */
		EB6682292BAEF83E00E0934B = {
			isa = PBXGroup;
			children = (
				EB6682342BAEF83E00E0934B /* newblogapp */,
				EB6682452BAEF84000E0934B /* newblogappTests */,
				EB66824F2BAEF84000E0934B /* newblogappUITests */,
				EB6682332BAEF83E00E0934B /* Products */,
			);
			sourceTree = "<group>";
		};
		EB6682332BAEF83E00E0934B /* Products */ = {
			isa = PBXGroup;
			children = (
				EB6682322BAEF83E00E0934B /* newblogapp.app */,
				EB6682422BAEF84000E0934B /* newblogappTests.xctest */,
				EB66824C2BAEF84000E0934B /* newblogappUITests.xctest */,
			);
			name = Products;
			sourceTree = "<group>";
		};
		EB6682342BAEF83E00E0934B /* newblogapp */ = {
			isa = PBXGroup;
			children = (
				EB6682352BAEF83E00E0934B /* newblogappApp.swift */,
				EB6682372BAEF83E00E0934B /* ContentView.swift */,
				EB6682392BAEF83F00E0934B /* Assets.xcassets */,
				EB66823B2BAEF83F00E0934B /* Preview Content */,
			);
			path = newblogapp;
			sourceTree = "<group>";
		};
		EB66823B2BAEF83F00E0934B /* Preview Content */ = {
			isa = PBXGroup;
			children = (
				EB66823C2BAEF83F00E0934B /* Preview Assets.xcassets */,
			);
			path = "Preview Content";
			sourceTree = "<group>";
		};
		EB6682452BAEF84000E0934B /* newblogappTests */ = {
			isa = PBXGroup;
			children = (
				EB6682462BAEF84000E0934B /* newblogappTests.swift */,
			);
			path = newblogappTests;
			sourceTree = "<group>";
		};
		EB66824F2BAEF84000E0934B /* newblogappUITests */ = {
			isa = PBXGroup;
			children = (
				EB6682502BAEF84000E0934B /* newblogappUITests.swift */,
				EB6682522BAEF84000E0934B /* newblogappUITestsLaunchTests.swift */,
			);
			path = newblogappUITests;
			sourceTree = "<group>";
		};
/* End PBXGroup section */

/* Begin PBXNativeTarget section */
		EB6682312BAEF83E00E0934B /* newblogapp */ = {
			isa = PBXNativeTarget;
			buildConfigurationList = EB6682562BAEF84000E0934B /* Build configuration list for PBXNativeTarget "newblogapp" */;
			buildPhases = (
				EB66822E2BAEF83E00E0934B /* Sources */,
				EB66822F2BAEF83E00E0934B /* Frameworks */,
				EB6682302BAEF83E00E0934B /* Resources */,
			);
			buildRules = (
			);
			dependencies = (
			);
			name = newblogapp;
			productName = newblogapp;
			productReference = EB6682322BAEF83E00E0934B /* newblogapp.app */;
			productType = "com.apple.product-type.application";
		};
		EB6682412BAEF84000E0934B /* newblogappTests */ = {
			isa = PBXNativeTarget;
			buildConfigurationList = EB6682592BAEF84000E0934B /* Build configuration list for PBXNativeTarget "newblogappTests" */;
			buildPhases = (
				EB66823E2BAEF84000E0934B /* Sources */,
				EB66823F2BAEF84000E0934B /* Frameworks */,
				EB6682402BAEF84000E0934B /* Resources */,
			);
			buildRules = (
			);
			dependencies = (
				EB6682442BAEF84000E0934B /* PBXTargetDependency */,
			);
			name = newblogappTests;
			productName = newblogappTests;
			productReference = EB6682422BAEF84000E0934B /* newblogappTests.xctest */;
			productType = "com.apple.product-type.bundle.unit-test";
		};
		EB66824B2BAEF84000E0934B /* newblogappUITests */ = {
			isa = PBXNativeTarget;
			buildConfigurationList = EB66825C2BAEF84000E0934B /* Build configuration list for PBXNativeTarget "newblogappUITests" */;
			buildPhases = (
				EB6682482BAEF84000E0934B /* Sources */,
				EB6682492BAEF84000E0934B /* Frameworks */,
				EB66824A2BAEF84000E0934B /* Resources */,
			);
			buildRules = (
			);
			dependencies = (
				EB66824E2BAEF84000E0934B /* PBXTargetDependency */,
			);
			name = newblogappUITests;
			productName = newblogappUITests;
			productReference = EB66824C2BAEF84000E0934B /* newblogappUITests.xctest */;
			productType = "com.apple.product-type.bundle.ui-testing";
		};
/* End PBXNativeTarget section */

/* Begin PBXProject section */
		EB66822A2BAEF83E00E0934B /* Project object */ = {
			isa = PBXProject;
			attributes = {
				BuildIndependentTargetsInParallel = 1;
				LastSwiftUpdateCheck = 1530;
				LastUpgradeCheck = 1530;
				TargetAttributes = {
					EB6682312BAEF83E00E0934B = {
						CreatedOnToolsVersion = 15.3;
					};
					EB6682412BAEF84000E0934B = {
						CreatedOnToolsVersion = 15.3;
						TestTargetID = EB6682312BAEF83E00E0934B;
					};
					EB66824B2BAEF84000E0934B = {
						CreatedOnToolsVersion = 15.3;
						TestTargetID = EB6682312BAEF83E00E0934B;
					};
				};
			};
			buildConfigurationList = EB66822D2BAEF83E00E0934B /* Build configuration list for PBXProject "newblogapp" */;
			compatibilityVersion = "Xcode 14.0";
			developmentRegion = en;
			hasScannedForEncodings = 0;
			knownRegions = (
				en,
				Base,
			);
			mainGroup = EB6682292BAEF83E00E0934B;
			productRefGroup = EB6682332BAEF83E00E0934B /* Products */;
			projectDirPath = "";
			projectRoot = "";
			targets = (
				EB6682312BAEF83E00E0934B /* newblogapp */,
				EB6682412BAEF84000E0934B /* newblogappTests */,
				EB66824B2BAEF84000E0934B /* newblogappUITests */,
			);
		};
/* End PBXProject section */

/* Begin PBXResourcesBuildPhase section */
		EB6682302BAEF83E00E0934B /* Resources */ = {
			isa = PBXResourcesBuildPhase;
			buildActionMask = 2147483647;
			files = (
				EB66823D2BAEF83F00E0934B /* Preview Assets.xcassets in Resources */,
				EB66823A2BAEF83F00E0934B /* Assets.xcassets in Resources */,
			);
			runOnlyForDeploymentPostprocessing = 0;
		};
		EB6682402BAEF84000E0934B /* Resources */ = {
			isa = PBXResourcesBuildPhase;
			buildActionMask = 2147483647;
			files = (
			);
			runOnlyForDeploymentPostprocessing = 0;
		};
		EB66824A2BAEF84000E0934B /* Resources */ = {
			isa = PBXResourcesBuildPhase;
			buildActionMask = 2147483647;
			files = (
			);
			runOnlyForDeploymentPostprocessing = 0;
		};
/* End PBXResourcesBuildPhase section */

/* Begin PBXSourcesBuildPhase section */
		EB66822E2BAEF83E00E0934B /* Sources */ = {
			isa = PBXSourcesBuildPhase;
			buildActionMask = 2147483647;
			files = (
				EB6682382BAEF83E00E0934B /* ContentView.swift in Sources */,
				EB6682362BAEF83E00E0934B /* newblogappApp.swift in Sources */,
			);
			runOnlyForDeploymentPostprocessing = 0;
		};
		EB66823E2BAEF84000E0934B /* Sources */ = {
			isa = PBXSourcesBuildPhase;
			buildActionMask = 2147483647;
			files = (
				EB6682472BAEF84000E0934B /* newblogappTests.swift in Sources */,
			);
			runOnlyForDeploymentPostprocessing = 0;
		};
		EB6682482BAEF84000E0934B /* Sources */ = {
			isa = PBXSourcesBuildPhase;
			buildActionMask = 2147483647;
			files = (
				EB6682512BAEF84000E0934B /* newblogappUITests.swift in Sources */,
				EB6682532BAEF84000E0934B /* newblogappUITestsLaunchTests.swift in Sources */,
			);
			runOnlyForDeploymentPostprocessing = 0;
		};
/* End PBXSourcesBuildPhase section */

/* Begin PBXTargetDependency section */
		EB6682442BAEF84000E0934B /* PBXTargetDependency */ = {
			isa = PBXTargetDependency;
			target = EB6682312BAEF83E00E0934B /* newblogapp */;
			targetProxy = EB6682432BAEF84000E0934B /* PBXContainerItemProxy */;
		};
		EB66824E2BAEF84000E0934B /* PBXTargetDependency */ = {
			isa = PBXTargetDependency;
			target = EB6682312BAEF83E00E0934B /* newblogapp */;
			targetProxy = EB66824D2BAEF84000E0934B /* PBXContainerItemProxy */;
		};
/* End PBXTargetDependency section */

/* Begin XCBuildConfiguration section */
		EB6682542BAEF84000E0934B /* Debug */ = {
			isa = XCBuildConfiguration;
			buildSettings = {
				ALWAYS_SEARCH_USER_PATHS = NO;
				ASSETCATALOG_COMPILER_GENERATE_SWIFT_ASSET_SYMBOL_EXTENSIONS = YES;
				CLANG_ANALYZER_NONNULL = YES;
				CLANG_ANALYZER_NUMBER_OBJECT_CONVERSION = YES_AGGRESSIVE;
				CLANG_CXX_LANGUAGE_STANDARD = "gnu++20";
				CLANG_ENABLE_MODULES = YES;
				CLANG_ENABLE_OBJC_ARC = YES;
				CLANG_ENABLE_OBJC_WEAK = YES;
				CLANG_WARN_BLOCK_CAPTURE_AUTORELEASING = YES;
				CLANG_WARN_BOOL_CONVERSION = YES;
				CLANG_WARN_COMMA = YES;
				CLANG_WARN_CONSTANT_CONVERSION = YES;
				CLANG_WARN_DEPRECATED_OBJC_IMPLEMENTATIONS = YES;
				CLANG_WARN_DIRECT_OBJC_ISA_USAGE = YES_ERROR;
				CLANG_WARN_DOCUMENTATION_COMMENTS = YES;
				CLANG_WARN_EMPTY_BODY = YES;
				CLANG_WARN_ENUM_CONVERSION = YES;
				CLANG_WARN_INFINITE_RECURSION = YES;
				CLANG_WARN_INT_CONVERSION = YES;
				CLANG_WARN_NON_LITERAL_NULL_CONVERSION = YES;
				CLANG_WARN_OBJC_IMPLICIT_RETAIN_SELF = YES;
				CLANG_WARN_OBJC_LITERAL_CONVERSION = YES;
				CLANG_WARN_OBJC_ROOT_CLASS = YES_ERROR;
				CLANG_WARN_QUOTED_INCLUDE_IN_FRAMEWORK_HEADER = YES;
				CLANG_WARN_RANGE_LOOP_ANALYSIS = YES;
				CLANG_WARN_STRICT_PROTOTYPES = YES;
				CLANG_WARN_SUSPICIOUS_MOVE = YES;
				CLANG_WARN_UNGUARDED_AVAILABILITY = YES_AGGRESSIVE;
				CLANG_WARN_UNREACHABLE_CODE = YES;
				CLANG_WARN__DUPLICATE_METHOD_MATCH = YES;
				COPY_PHASE_STRIP = NO;
				DEBUG_INFORMATION_FORMAT = dwarf;
				ENABLE_STRICT_OBJC_MSGSEND = YES;
				ENABLE_TESTABILITY = YES;
				ENABLE_USER_SCRIPT_SANDBOXING = YES;
				GCC_C_LANGUAGE_STANDARD = gnu17;
				GCC_DYNAMIC_NO_PIC = NO;
				GCC_NO_COMMON_BLOCKS = YES;
				GCC_OPTIMIZATION_LEVEL = 0;
				GCC_PREPROCESSOR_DEFINITIONS = (
					"DEBUG=1",
					"$(inherited)",
				);
				GCC_WARN_64_TO_32_BIT_CONVERSION = YES;
				GCC_WARN_ABOUT_RETURN_TYPE = YES_ERROR;
				GCC_WARN_UNDECLARED_SELECTOR = YES;
				GCC_WARN_UNINITIALIZED_AUTOS = YES_AGGRESSIVE;
				GCC_WARN_UNUSED_FUNCTION = YES;
				GCC_WARN_UNUSED_VARIABLE = YES;
				IPHONEOS_DEPLOYMENT_TARGET = 17.4;
				LOCALIZATION_PREFERS_STRING_CATALOGS = YES;
				MTL_ENABLE_DEBUG_INFO = INCLUDE_SOURCE;
				MTL_FAST_MATH = YES;
				ONLY_ACTIVE_ARCH = YES;
				SDKROOT = iphoneos;
				SWIFT_ACTIVE_COMPILATION_CONDITIONS = "DEBUG $(inherited)";
				SWIFT_OPTIMIZATION_LEVEL = "-Onone";
			};
			name = Debug;
		};
		EB6682552BAEF84000E0934B /* Release */ = {
			isa = XCBuildConfiguration;
			buildSettings = {
				ALWAYS_SEARCH_USER_PATHS = NO;
				ASSETCATALOG_COMPILER_GENERATE_SWIFT_ASSET_SYMBOL_EXTENSIONS = YES;
				CLANG_ANALYZER_NONNULL = YES;
				CLANG_ANALYZER_NUMBER_OBJECT_CONVERSION = YES_AGGRESSIVE;
				CLANG_CXX_LANGUAGE_STANDARD = "gnu++20";
				CLANG_ENABLE_MODULES = YES;
				CLANG_ENABLE_OBJC_ARC = YES;
				CLANG_ENABLE_OBJC_WEAK = YES;
				CLANG_WARN_BLOCK_CAPTURE_AUTORELEASING = YES;
				CLANG_WARN_BOOL_CONVERSION = YES;
				CLANG_WARN_COMMA = YES;
				CLANG_WARN_CONSTANT_CONVERSION = YES;
				CLANG_WARN_DEPRECATED_OBJC_IMPLEMENTATIONS = YES;
				CLANG_WARN_DIRECT_OBJC_ISA_USAGE = YES_ERROR;
				CLANG_WARN_DOCUMENTATION_COMMENTS = YES;
				CLANG_WARN_EMPTY_BODY = YES;
				CLANG_WARN_ENUM_CONVERSION = YES;
				CLANG_WARN_INFINITE_RECURSION = YES;
				CLANG_WARN_INT_CONVERSION = YES;
				CLANG_WARN_NON_LITERAL_NULL_CONVERSION = YES;
				CLANG_WARN_OBJC_IMPLICIT_RETAIN_SELF = YES;
				CLANG_WARN_OBJC_LITERAL_CONVERSION = YES;
				CLANG_WARN_OBJC_ROOT_CLASS = YES_ERROR;
				CLANG_WARN_QUOTED_INCLUDE_IN_FRAMEWORK_HEADER = YES;
				CLANG_WARN_RANGE_LOOP_ANALYSIS = YES;
				CLANG_WARN_STRICT_PROTOTYPES = YES;
				CLANG_WARN_SUSPICIOUS_MOVE = YES;
				CLANG_WARN_UNGUARDED_AVAILABILITY = YES_AGGRESSIVE;
				CLANG_WARN_UNREACHABLE_CODE = YES;
				CLANG_WARN__DUPLICATE_METHOD_MATCH = YES;
				COPY_PHASE_STRIP = NO;
				DEBUG_INFORMATION_FORMAT = "dwarf-with-dsym";
				ENABLE_NS_ASSERTIONS = NO;
				ENABLE_STRICT_OBJC_MSGSEND = YES;
				ENABLE_USER_SCRIPT_SANDBOXING = YES;
				GCC_C_LANGUAGE_STANDARD = gnu17;
				GCC_NO_COMMON_BLOCKS = YES;
				GCC_WARN_64_TO_32_BIT_CONVERSION = YES;
				GCC_WARN_ABOUT_RETURN_TYPE = YES_ERROR;
				GCC_WARN_UNDECLARED_SELECTOR = YES;
				GCC_WARN_UNINITIALIZED_AUTOS = YES_AGGRESSIVE;
				GCC_WARN_UNUSED_FUNCTION = YES;
				GCC_WARN_UNUSED_VARIABLE = YES;
				IPHONEOS_DEPLOYMENT_TARGET = 17.4;
				LOCALIZATION_PREFERS_STRING_CATALOGS = YES;
				MTL_ENABLE_DEBUG_INFO = NO;
				MTL_FAST_MATH = YES;
				SDKROOT = iphoneos;
				SWIFT_COMPILATION_MODE = wholemodule;
				VALIDATE_PRODUCT = YES;
			};
			name = Release;
		};
		EB6682572BAEF84000E0934B /* Debug */ = {
			isa = XCBuildConfiguration;
			buildSettings = {
				ASSETCATALOG_COMPILER_APPICON_NAME = AppIcon;
				ASSETCATALOG_COMPILER_GLOBAL_ACCENT_COLOR_NAME = AccentColor;
				CODE_SIGN_STYLE = Automatic;
				CURRENT_PROJECT_VERSION = 1;
				DEVELOPMENT_ASSET_PATHS = "\"newblogapp/Preview Content\"";
				DEVELOPMENT_TEAM = 98U93ZQH6J;
				ENABLE_PREVIEWS = YES;
				GENERATE_INFOPLIST_FILE = YES;
				INFOPLIST_KEY_UIApplicationSceneManifest_Generation = YES;
				INFOPLIST_KEY_UIApplicationSupportsIndirectInputEvents = YES;
				INFOPLIST_KEY_UILaunchScreen_Generation = YES;
				INFOPLIST_KEY_UISupportedInterfaceOrientations_iPad = "UIInterfaceOrientationPortrait UIInterfaceOrientationPortraitUpsideDown UIInterfaceOrientationLandscapeLeft UIInterfaceOrientationLandscapeRight";
				INFOPLIST_KEY_UISupportedInterfaceOrientations_iPhone = "UIInterfaceOrientationPortrait UIInterfaceOrientationLandscapeLeft UIInterfaceOrientationLandscapeRight";
				LD_RUNPATH_SEARCH_PATHS = (
					"$(inherited)",
					"@executable_path/Frameworks",
				);
				MARKETING_VERSION = 1.0;
				PRODUCT_BUNDLE_IDENTIFIER = com.omarfaruk.newblogapp;
				PRODUCT_NAME = "$(TARGET_NAME)";
				SWIFT_EMIT_LOC_STRINGS = YES;
				SWIFT_VERSION = 5.0;
				TARGETED_DEVICE_FAMILY = "1,2";
			};
			name = Debug;
		};
		EB6682582BAEF84000E0934B /* Release */ = {
			isa = XCBuildConfiguration;
			buildSettings = {
				ASSETCATALOG_COMPILER_APPICON_NAME = AppIcon;
				ASSETCATALOG_COMPILER_GLOBAL_ACCENT_COLOR_NAME = AccentColor;
				CODE_SIGN_STYLE = Automatic;
				CURRENT_PROJECT_VERSION = 1;
				DEVELOPMENT_ASSET_PATHS = "\"newblogapp/Preview Content\"";
				DEVELOPMENT_TEAM = 98U93ZQH6J;
				ENABLE_PREVIEWS = YES;
				GENERATE_INFOPLIST_FILE = YES;
				INFOPLIST_KEY_UIApplicationSceneManifest_Generation = YES;
				INFOPLIST_KEY_UIApplicationSupportsIndirectInputEvents = YES;
				INFOPLIST_KEY_UILaunchScreen_Generation = YES;
				INFOPLIST_KEY_UISupportedInterfaceOrientations_iPad = "UIInterfaceOrientationPortrait UIInterfaceOrientationPortraitUpsideDown UIInterfaceOrientationLandscapeLeft UIInterfaceOrientationLandscapeRight";
				INFOPLIST_KEY_UISupportedInterfaceOrientations_iPhone = "UIInterfaceOrientationPortrait UIInterfaceOrientationLandscapeLeft UIInterfaceOrientationLandscapeRight";
				LD_RUNPATH_SEARCH_PATHS = (
					"$(inherited)",
					"@executable_path/Frameworks",
				);
				MARKETING_VERSION = 1.0;
				PRODUCT_BUNDLE_IDENTIFIER = com.omarfaruk.newblogapp;
				PRODUCT_NAME = "$(TARGET_NAME)";
				SWIFT_EMIT_LOC_STRINGS = YES;
				SWIFT_VERSION = 5.0;
				TARGETED_DEVICE_FAMILY = "1,2";
			};
			name = Release;
		};
		EB66825A2BAEF84000E0934B /* Debug */ = {
			isa = XCBuildConfiguration;
			buildSettings = {
				ALWAYS_EMBED_SWIFT_STANDARD_LIBRARIES = YES;
				BUNDLE_LOADER = "$(TEST_HOST)";
				CODE_SIGN_STYLE = Automatic;
				CURRENT_PROJECT_VERSION = 1;
				DEVELOPMENT_TEAM = 98U93ZQH6J;
				GENERATE_INFOPLIST_FILE = YES;
				IPHONEOS_DEPLOYMENT_TARGET = 17.4;
				MARKETING_VERSION = 1.0;
				PRODUCT_BUNDLE_IDENTIFIER = com.omarfaruk.newblogappTests;
				PRODUCT_NAME = "$(TARGET_NAME)";
				SWIFT_EMIT_LOC_STRINGS = NO;
				SWIFT_VERSION = 5.0;
				TARGETED_DEVICE_FAMILY = "1,2";
				TEST_HOST = "$(BUILT_PRODUCTS_DIR)/newblogapp.app/$(BUNDLE_EXECUTABLE_FOLDER_PATH)/newblogapp";
			};
			name = Debug;
		};
		EB66825B2BAEF84000E0934B /* Release */ = {
			isa = XCBuildConfiguration;
			buildSettings = {
				ALWAYS_EMBED_SWIFT_STANDARD_LIBRARIES = YES;
				BUNDLE_LOADER = "$(TEST_HOST)";
				CODE_SIGN_STYLE = Automatic;
				CURRENT_PROJECT_VERSION = 1;
				DEVELOPMENT_TEAM = 98U93ZQH6J;
				GENERATE_INFOPLIST_FILE = YES;
				IPHONEOS_DEPLOYMENT_TARGET = 17.4;
				MARKETING_VERSION = 1.0;
				PRODUCT_BUNDLE_IDENTIFIER = com.omarfaruk.newblogappTests;
				PRODUCT_NAME = "$(TARGET_NAME)";
				SWIFT_EMIT_LOC_STRINGS = NO;
				SWIFT_VERSION = 5.0;
				TARGETED_DEVICE_FAMILY = "1,2";
				TEST_HOST = "$(BUILT_PRODUCTS_DIR)/newblogapp.app/$(BUNDLE_EXECUTABLE_FOLDER_PATH)/newblogapp";
			};
			name = Release;
		};
		EB66825D2BAEF84000E0934B /* Debug */ = {
			isa = XCBuildConfiguration;
			buildSettings = {
				ALWAYS_EMBED_SWIFT_STANDARD_LIBRARIES = YES;
				CODE_SIGN_STYLE = Automatic;
				CURRENT_PROJECT_VERSION = 1;
				DEVELOPMENT_TEAM = 98U93ZQH6J;
				GENERATE_INFOPLIST_FILE = YES;
				MARKETING_VERSION = 1.0;
				PRODUCT_BUNDLE_IDENTIFIER = com.omarfaruk.newblogappUITests;
				PRODUCT_NAME = "$(TARGET_NAME)";
				SWIFT_EMIT_LOC_STRINGS = NO;
				SWIFT_VERSION = 5.0;
				TARGETED_DEVICE_FAMILY = "1,2";
				TEST_TARGET_NAME = newblogapp;
			};
			name = Debug;
		};
		EB66825E2BAEF84000E0934B /* Release */ = {
			isa = XCBuildConfiguration;
			buildSettings = {
				ALWAYS_EMBED_SWIFT_STANDARD_LIBRARIES = YES;
				CODE_SIGN_STYLE = Automatic;
				CURRENT_PROJECT_VERSION = 1;
				DEVELOPMENT_TEAM = 98U93ZQH6J;
				GENERATE_INFOPLIST_FILE = YES;
				MARKETING_VERSION = 1.0;
				PRODUCT_BUNDLE_IDENTIFIER = com.omarfaruk.newblogappUITests;
				PRODUCT_NAME = "$(TARGET_NAME)";
				SWIFT_EMIT_LOC_STRINGS = NO;
				SWIFT_VERSION = 5.0;
				TARGETED_DEVICE_FAMILY = "1,2";
				TEST_TARGET_NAME = newblogapp;
			};
			name = Release;
		};
/* End XCBuildConfiguration section */

/* Begin XCConfigurationList section */
		EB66822D2BAEF83E00E0934B /* Build configuration list for PBXProject "newblogapp" */ = {
			isa = XCConfigurationList;
			buildConfigurations = (
				EB6682542BAEF84000E0934B /* Debug */,
				EB6682552BAEF84000E0934B /* Release */,
			);
			defaultConfigurationIsVisible = 0;
			defaultConfigurationName = Release;
		};
		EB6682562BAEF84000E0934B /* Build configuration list for PBXNativeTarget "newblogapp" */ = {
			isa = XCConfigurationList;
			buildConfigurations = (
				EB6682572BAEF84000E0934B /* Debug */,
				EB6682582BAEF84000E0934B /* Release */,
			);
			defaultConfigurationIsVisible = 0;
			defaultConfigurationName = Release;
		};
		EB6682592BAEF84000E0934B /* Build configuration list for PBXNativeTarget "newblogappTests" */ = {
			isa = XCConfigurationList;
			buildConfigurations = (
				EB66825A2BAEF84000E0934B /* Debug */,
				EB66825B2BAEF84000E0934B /* Release */,
			);
			defaultConfigurationIsVisible = 0;
			defaultConfigurationName = Release;
		};
		EB66825C2BAEF84000E0934B /* Build configuration list for PBXNativeTarget "newblogappUITests" */ = {
			isa = XCConfigurationList;
			buildConfigurations = (
				EB66825D2BAEF84000E0934B /* Debug */,
				EB66825E2BAEF84000E0934B /* Release */,
			);
			defaultConfigurationIsVisible = 0;
			defaultConfigurationName = Release;
		};
/* End XCConfigurationList section */
	};
	rootObject = EB66822A2BAEF83E00E0934B /* Project object */;
}
